
Microsoft Visual Studio Solution File, Format Version 12.00
# Visual Studio Version 17
VisualStudioVersion = 17.13.35919.96 d17.13
MinimumVisualStudioVersion = 10.0.40219.1
Project("{FAE04EC0-301F-11D3-BF4B-00C04F79EFBC}") = "Assignment 3.1.4", "Assignment 3.1.4.csproj", "{D0774ED3-5312-436A-BA9A-3AE160F90904}"
EndProject
Global
	GlobalSection(SolutionConfigurationPlatforms) = preSolution
		Debug|Any CPU = Debug|Any CPU
		Release|Any CPU = Release|Any CPU
	EndGlobalSection
	GlobalSection(ProjectConfigurationPlatforms) = postSolution
		{D0774ED3-5312-436A-BA9A-3AE160F90904}.Debug|Any CPU.ActiveCfg = Debug|Any CPU
		{D0774ED3-5312-436A-BA9A-3AE160F90904}.Debug|Any CPU.Build.0 = Debug|Any CPU
		{D0774ED3-5312-436A-BA9A-3AE160F90904}.Release|Any CPU.ActiveCfg = Release|Any CPU
		{D0774ED3-5312-436A-BA9A-3AE160F90904}.Release|Any CPU.Build.0 = Release|Any CPU
	EndGlobalSection
	GlobalSection(SolutionProperties) = preSolution
		HideSolutionNode = FALSE
	EndGlobalSection
	GlobalSection(ExtensibilityGlobals) = postSolution
		SolutionGuid = {96D4A692-DE7B-476F-A20E-5D6FAE4EE588}
	EndGlobalSection
EndGlobal
